PODS:
  - ActiveLabel (1.0.1)
  - CustomizableActionSheet (1.2.2)
  - JTAppleCalendar (7.1.6)
  - Realm (3.13.0):
    - Realm/Headers (= 3.13.0)
  - Realm/Headers (3.13.0)
  - RealmSwift (3.13.0):
    - Realm (= 3.13.0)
  - SwiftyJSON (4.2.0)
  - SwiftyUserDefaults (3.0.1)
  - SwipeCellKit (2.5.1)

DEPENDENCIES:
  - ActiveLabel
  - CustomizableActionSheet
  - JTAppleCalendar
  - RealmSwift
  - SwiftyJSON
  - SwiftyUserDefaults
  - SwipeCellKit

SPEC REPOS:
  https://github.com/cocoapods/specs.git:
    - ActiveLabel
    - CustomizableActionSheet
    - JTAppleCalendar
    - Realm
    - RealmSwift
    - SwiftyJSON
    - SwiftyUserDefaults
    - SwipeCellKit

SPEC CHECKSUMS:
  ActiveLabel: b8b2396fe25308d563601437d6605bf691c3b5db
  CustomizableActionSheet: c93ae45db5291520d26510c37d126b848f1753cd
  JTAppleCalendar: abb30678f42a4ef8a340a932b1dcb8c85a33dac2
  Realm: 5edd2ee65406aef591a4f9895de5a3440e51b3d8
  RealmSwift: be5ebc7930e37cd3376b41cec7f21984528aaa16
  SwiftyJSON: c4bcba26dd9ec7a027fc8eade48e2c911f229e96
  SwiftyUserDefaults: 3d273b1739b68ada3145dc754a70ec775bc5c8be
  SwipeCellKit: 30fd6a4f8a8b8ac864ea389c8b4c8bac5ba5471a

PODFILE CHECKSUM: ef4131f77e3628b5a9c4c169268aa0c0daa1a594

COCOAPODS: 1.6.0.beta.1
