PODS:
  - ActiveLabel (1.1.0)
  - CustomizableActionSheet (1.2.2)
  - IceCream (1.13.2):
    - RealmSwift
  - JTAppleCalendar (8.0.3)
  - PKHUD (5.3.0)
  - Realm (3.18.0):
    - Realm/Headers (= 3.18.0)
  - Realm/Headers (3.18.0)
  - RealmSwift (3.18.0):
    - Realm (= 3.18.0)
  - SmoothPicker (1.1.3):
    - SnapKit (~> 4.2.0)
  - SnapKit (4.2.0)
  - SwiftRichString (3.0.2)
  - SwiftyJSON (5.0.0)
  - SwiftyUserDefaults (4.0.0)
  - SwipeCellKit (2.7.1)

DEPENDENCIES:
  - ActiveLabel
  - CustomizableActionSheet
  - IceCream
  - JTAppleCalendar
  - PKHUD
  - RealmSwift (= 3.18.0)
  - SmoothPicker
  - SwiftRichString (= 3.0.2)
  - SwiftyJSON
  - SwiftyUserDefaults (= 4.0.0)
  - SwipeCellKit

SPEC REPOS:
  trunk:
    - ActiveLabel
    - CustomizableActionSheet
    - IceCream
    - JTAppleCalendar
    - PKHUD
    - Realm
    - RealmSwift
    - SmoothPicker
    - SnapKit
    - SwiftRichString
    - SwiftyJSON
    - SwiftyUserDefaults
    - SwipeCellKit

SPEC CHECKSUMS:
  ActiveLabel: 5e3f4de79a1952d4604b845a0610d4776e4b82b3
  CustomizableActionSheet: c93ae45db5291520d26510c37d126b848f1753cd
  IceCream: 9335dfa136e260ff4ba1b969a49061f5661441d3
  JTAppleCalendar: 932cadea40b1051beab10f67843451d48ba16c99
  PKHUD: 98f3e4bc904b9c916f1c5bb6d765365b5357291b
  Realm: 7b3d04740facf45e958a514b466a32b04f1113d6
  RealmSwift: c817b5f374668cf08f649afb05f55d92a787649c
  SmoothPicker: a3f4b3c3a95fff73f20d526856aeff2c32696375
  SnapKit: fe8a619752f3f27075cc9a90244d75c6c3f27e2a
  SwiftRichString: ab4e8c371920bf2fc041a91a9db39b9c55722c0f
  SwiftyJSON: 36413e04c44ee145039d332b4f4e2d3e8d6c4db7
  SwiftyUserDefaults: 6a1951df1daa19337862b677dd9a4b9bd4c288cd
  SwipeCellKit: 3972254a826da74609926daf59b08d6c72e619ea

PODFILE CHECKSUM: 5da0bccc70120022ada2e2c1f68429a24db887be

COCOAPODS: 1.10.0
